
Microsoft Visual Studio Solution File, Format Version 12.00
# Visual Studio Version 17
VisualStudioVersion = 17.3.32811.315
MinimumVisualStudioVersion = 10.0.40219.1
Project("{FAE04EC0-301F-11D3-BF4B-00C04F79EFBC}") = "Döngüler", "Döngüler\Döngüler.csproj", "{DA6896C6-5526-4B31-8E68-FF6A6EBEEFAA}"
EndProject
Global
	GlobalSection(SolutionConfigurationPlatforms) = preSolution
		Debug|Any CPU = Debug|Any CPU
		Release|Any CPU = Release|Any CPU
	EndGlobalSection
	GlobalSection(ProjectConfigurationPlatforms) = postSolution
		{DA6896C6-5526-4B31-8E68-FF6A6EBEEFAA}.Debug|Any CPU.ActiveCfg = Debug|Any CPU
		{DA6896C6-5526-4B31-8E68-FF6A6EBEEFAA}.Debug|Any CPU.Build.0 = Debug|Any CPU
		{DA6896C6-5526-4B31-8E68-FF6A6EBEEFAA}.Release|Any CPU.ActiveCfg = Release|Any CPU
		{DA6896C6-5526-4B31-8E68-FF6A6EBEEFAA}.Release|Any CPU.Build.0 = Release|Any CPU
	EndGlobalSection
	GlobalSection(SolutionProperties) = preSolution
		HideSolutionNode = FALSE
	EndGlobalSection
	GlobalSection(ExtensibilityGlobals) = postSolution
		SolutionGuid = {A6BA7BD9-7F9B-44E0-908B-5804B5C2ED5A}
	EndGlobalSection
EndGlobal
