
Microsoft Visual Studio Solution File, Format Version 12.00
# Visual Studio Version 17
VisualStudioVersion = 17.3.32811.315
MinimumVisualStudioVersion = 10.0.40219.1
Project("{FAE04EC0-301F-11D3-BF4B-00C04F79EFBC}") = "SwitchCase2", "SwitchCase2\SwitchCase2.csproj", "{70036A7C-1069-40FC-AAA5-55FCAB9DCBFC}"
EndProject
Global
	GlobalSection(SolutionConfigurationPlatforms) = preSolution
		Debug|Any CPU = Debug|Any CPU
		Release|Any CPU = Release|Any CPU
	EndGlobalSection
	GlobalSection(ProjectConfigurationPlatforms) = postSolution
		{70036A7C-1069-40FC-AAA5-55FCAB9DCBFC}.Debug|Any CPU.ActiveCfg = Debug|Any CPU
		{70036A7C-1069-40FC-AAA5-55FCAB9DCBFC}.Debug|Any CPU.Build.0 = Debug|Any CPU
		{70036A7C-1069-40FC-AAA5-55FCAB9DCBFC}.Release|Any CPU.ActiveCfg = Release|Any CPU
		{70036A7C-1069-40FC-AAA5-55FCAB9DCBFC}.Release|Any CPU.Build.0 = Release|Any CPU
	EndGlobalSection
	GlobalSection(SolutionProperties) = preSolution
		HideSolutionNode = FALSE
	EndGlobalSection
	GlobalSection(ExtensibilityGlobals) = postSolution
		SolutionGuid = {D7ACFB78-B2CA-4083-B6F5-20C922DC50F1}
	EndGlobalSection
EndGlobal
