
Microsoft Visual Studio Solution File, Format Version 12.00
# Visual Studio Version 17
VisualStudioVersion = 17.3.32811.315
MinimumVisualStudioVersion = 10.0.40219.1
Project("{FAE04EC0-301F-11D3-BF4B-00C04F79EFBC}") = "WhileDöngüsü", "WhileDöngüsü\WhileDöngüsü.csproj", "{F6837A6A-0AFD-4DCF-B99E-0F90FFAD3A55}"
EndProject
Global
	GlobalSection(SolutionConfigurationPlatforms) = preSolution
		Debug|Any CPU = Debug|Any CPU
		Release|Any CPU = Release|Any CPU
	EndGlobalSection
	GlobalSection(ProjectConfigurationPlatforms) = postSolution
		{F6837A6A-0AFD-4DCF-B99E-0F90FFAD3A55}.Debug|Any CPU.ActiveCfg = Debug|Any CPU
		{F6837A6A-0AFD-4DCF-B99E-0F90FFAD3A55}.Debug|Any CPU.Build.0 = Debug|Any CPU
		{F6837A6A-0AFD-4DCF-B99E-0F90FFAD3A55}.Release|Any CPU.ActiveCfg = Release|Any CPU
		{F6837A6A-0AFD-4DCF-B99E-0F90FFAD3A55}.Release|Any CPU.Build.0 = Release|Any CPU
	EndGlobalSection
	GlobalSection(SolutionProperties) = preSolution
		HideSolutionNode = FALSE
	EndGlobalSection
	GlobalSection(ExtensibilityGlobals) = postSolution
		SolutionGuid = {A14DFF0B-F184-4E34-9C05-1B251919391F}
	EndGlobalSection
EndGlobal
